
Microsoft Visual Studio Solution File, Format Version 12.00
# Visual Studio Version 16
VisualStudioVersion = 16.0.30406.217
MinimumVisualStudioVersion = 10.0.40219.1
Project("{8BC9CEB8-8B4A-11D0-8D11-00A0C91BC942}") = "pointer", "pointer\pointer.vcxproj", "{C5452913-DDF6-48E7-89AF-F7B8884FFF22}"
EndProject
Global
	GlobalSection(SolutionConfigurationPlatforms) = preSolution
		Debug|x64 = Debug|x64
		Debug|x86 = Debug|x86
		Release|x64 = Release|x64
		Release|x86 = Release|x86
	EndGlobalSection
	GlobalSection(ProjectConfigurationPlatforms) = postSolution
		{C5452913-DDF6-48E7-89AF-F7B8884FFF22}.Debug|x64.ActiveCfg = Debug|x64
		{C5452913-DDF6-48E7-89AF-F7B8884FFF22}.Debug|x64.Build.0 = Debug|x64
		{C5452913-DDF6-48E7-89AF-F7B8884FFF22}.Debug|x86.ActiveCfg = Debug|Win32
		{C5452913-DDF6-48E7-89AF-F7B8884FFF22}.Debug|x86.Build.0 = Debug|Win32
		{C5452913-DDF6-48E7-89AF-F7B8884FFF22}.Release|x64.ActiveCfg = Release|x64
		{C5452913-DDF6-48E7-89AF-F7B8884FFF22}.Release|x64.Build.0 = Release|x64
		{C5452913-DDF6-48E7-89AF-F7B8884FFF22}.Release|x86.ActiveCfg = Release|Win32
		{C5452913-DDF6-48E7-89AF-F7B8884FFF22}.Release|x86.Build.0 = Release|Win32
	EndGlobalSection
	GlobalSection(SolutionProperties) = preSolution
		HideSolutionNode = FALSE
	EndGlobalSection
	GlobalSection(ExtensibilityGlobals) = postSolution
		SolutionGuid = {CF84CE65-9853-410E-9E1C-BC4F63BE8D41}
	EndGlobalSection
EndGlobal
